
Microsoft Visual Studio Solution File, Format Version 12.00
# Visual Studio Version 17
VisualStudioVersion = 17.1.32228.430
MinimumVisualStudioVersion = 10.0.40219.1
Project("{FAE04EC0-301F-11D3-BF4B-00C04F79EFBC}") = "Laborator11", "Laborator11\Laborator11.csproj", "{249B23C2-4A89-465E-BF3C-DE996262EC4D}"
EndProject
Global
	GlobalSection(SolutionConfigurationPlatforms) = preSolution
		Debug|Any CPU = Debug|Any CPU
		Release|Any CPU = Release|Any CPU
	EndGlobalSection
	GlobalSection(ProjectConfigurationPlatforms) = postSolution
		{249B23C2-4A89-465E-BF3C-DE996262EC4D}.Debug|Any CPU.ActiveCfg = Debug|Any CPU
		{249B23C2-4A89-465E-BF3C-DE996262EC4D}.Debug|Any CPU.Build.0 = Debug|Any CPU
		{249B23C2-4A89-465E-BF3C-DE996262EC4D}.Release|Any CPU.ActiveCfg = Release|Any CPU
		{249B23C2-4A89-465E-BF3C-DE996262EC4D}.Release|Any CPU.Build.0 = Release|Any CPU
	EndGlobalSection
	GlobalSection(SolutionProperties) = preSolution
		HideSolutionNode = FALSE
	EndGlobalSection
	GlobalSection(ExtensibilityGlobals) = postSolution
		SolutionGuid = {E39E7981-E25D-4453-95CC-0730F7164972}
	EndGlobalSection
EndGlobal
